
Microsoft Visual Studio Solution File, Format Version 12.00
# Visual Studio Version 18
VisualStudioVersion = 18.3.11218.70
MinimumVisualStudioVersion = 10.0.40219.1
Project("{FAE04EC0-301F-11D3-BF4B-00C04F79EFBC}") = "CyanSystemManager", "CyanSystemManager.csproj", "{CC3675F4-5E0B-4FD3-A8C5-7CDAA276B89E}"
EndProject
Global
	GlobalSection(SolutionConfigurationPlatforms) = preSolution
		Debug|Any CPU = Debug|Any CPU
		Debug|x64 = Debug|x64
		Release|Any CPU = Release|Any CPU
		Release|x64 = Release|x64
	EndGlobalSection
	GlobalSection(ProjectConfigurationPlatforms) = postSolution
		{CC3675F4-5E0B-4FD3-A8C5-7CDAA276B89E}.Debug|Any CPU.ActiveCfg = Debug|Any CPU
		{CC3675F4-5E0B-4FD3-A8C5-7CDAA276B89E}.Debug|Any CPU.Build.0 = Debug|Any CPU
		{CC3675F4-5E0B-4FD3-A8C5-7CDAA276B89E}.Debug|x64.ActiveCfg = Debug|x64
		{CC3675F4-5E0B-4FD3-A8C5-7CDAA276B89E}.Debug|x64.Build.0 = Debug|x64
		{CC3675F4-5E0B-4FD3-A8C5-7CDAA276B89E}.Release|Any CPU.ActiveCfg = Release|Any CPU
		{CC3675F4-5E0B-4FD3-A8C5-7CDAA276B89E}.Release|Any CPU.Build.0 = Release|Any CPU
		{CC3675F4-5E0B-4FD3-A8C5-7CDAA276B89E}.Release|x64.ActiveCfg = Release|x64
		{CC3675F4-5E0B-4FD3-A8C5-7CDAA276B89E}.Release|x64.Build.0 = Release|x64
	EndGlobalSection
	GlobalSection(SolutionProperties) = preSolution
		HideSolutionNode = FALSE
	EndGlobalSection
	GlobalSection(ExtensibilityGlobals) = postSolution
		SolutionGuid = {3E4CD590-33CB-4F51-8602-7C972AA5FB4D}
	EndGlobalSection
EndGlobal
